// !$*UTF8*$!
{
	archiveVersion = 1;
	classes = {
	};
	objectVersion = 48;
	objects = {

/* Begin PBXBuildFile section */
		960F4C7E20644A7800038A12 /* GeneralViewController.swift in Sources */ = {isa = PBXBuildFile; fileRef = 960F4C7D20644A7800038A12 /* GeneralViewController.swift */; };
		961236A4205DAF0E00D43FAA /* BorderedButton.swift in Sources */ = {isa = PBXBuildFile; fileRef = 961236A3205DAF0E00D43FAA /* BorderedButton.swift */; };
		961236AB205DBED000D43FAA /* ParseConstants.swift in Sources */ = {isa = PBXBuildFile; fileRef = 961236AA205DBED000D43FAA /* ParseConstants.swift */; };
		961236AF205DBF4C00D43FAA /* ParseClient.swift in Sources */ = {isa = PBXBuildFile; fileRef = 961236AE205DBF4C00D43FAA /* ParseClient.swift */; };
		961236B1205DCD4A00D43FAA /* ParseConvenience.swift in Sources */ = {isa = PBXBuildFile; fileRef = 961236B0205DCD4A00D43FAA /* ParseConvenience.swift */; };
		961236B3205DCF2E00D43FAA /* ParseStudent.swift in Sources */ = {isa = PBXBuildFile; fileRef = 961236B2205DCF2E00D43FAA /* ParseStudent.swift */; };
		961236B5205DCF8B00D43FAA /* GCDBlackBox.swift in Sources */ = {isa = PBXBuildFile; fileRef = 961236B4205DCF8B00D43FAA /* GCDBlackBox.swift */; };
		9612440B206841740083FE65 /* InfoViewController.swift in Sources */ = {isa = PBXBuildFile; fileRef = 9612440A206841740083FE65 /* InfoViewController.swift */; };
		96133EDA20659EEE0042E95F /* StudentsTabBarController.swift in Sources */ = {isa = PBXBuildFile; fileRef = 96133ED920659EEE0042E95F /* StudentsTabBarController.swift */; };
		96137E452059BF4E004CCF4C /* AppDelegate.swift in Sources */ = {isa = PBXBuildFile; fileRef = 96137E442059BF4E004CCF4C /* AppDelegate.swift */; };
		96137E472059BF4E004CCF4C /* ViewController.swift in Sources */ = {isa = PBXBuildFile; fileRef = 96137E462059BF4E004CCF4C /* ViewController.swift */; };
		96137E4A2059BF4E004CCF4C /* Main.storyboard in Resources */ = {isa = PBXBuildFile; fileRef = 96137E482059BF4E004CCF4C /* Main.storyboard */; };
		96137E4C2059BF4E004CCF4C /* Assets.xcassets in Resources */ = {isa = PBXBuildFile; fileRef = 96137E4B2059BF4E004CCF4C /* Assets.xcassets */; };
		96137E4F2059BF4E004CCF4C /* LaunchScreen.storyboard in Resources */ = {isa = PBXBuildFile; fileRef = 96137E4D2059BF4E004CCF4C /* LaunchScreen.storyboard */; };
		962FCC66206AE108003E710F /* LocationViewController.swift in Sources */ = {isa = PBXBuildFile; fileRef = 962FCC65206AE108003E710F /* LocationViewController.swift */; };
		9647867B2061A727002EBD80 /* LoginViewController.swift in Sources */ = {isa = PBXBuildFile; fileRef = 9647867A2061A727002EBD80 /* LoginViewController.swift */; };
		96615E03205EFF5D00CA49FF /* UdacityConstants.swift in Sources */ = {isa = PBXBuildFile; fileRef = 96615E02205EFF5D00CA49FF /* UdacityConstants.swift */; };
		96615E06205EFF9400CA49FF /* UdacityClient.swift in Sources */ = {isa = PBXBuildFile; fileRef = 96615E05205EFF9400CA49FF /* UdacityClient.swift */; };
		96615E08205EFFB300CA49FF /* UdacityConvenience.swift in Sources */ = {isa = PBXBuildFile; fileRef = 96615E07205EFFB300CA49FF /* UdacityConvenience.swift */; };
		96615E0A205EFFD500CA49FF /* UdacityStudent.swift in Sources */ = {isa = PBXBuildFile; fileRef = 96615E09205EFFD500CA49FF /* UdacityStudent.swift */; };
		968A78612065B5A30003D38D /* MapViewController.swift in Sources */ = {isa = PBXBuildFile; fileRef = 968A78602065B5A30003D38D /* MapViewController.swift */; };
		968A78632065B5C50003D38D /* ListViewController.swift in Sources */ = {isa = PBXBuildFile; fileRef = 968A78622065B5C50003D38D /* ListViewController.swift */; };
/* End PBXBuildFile section */

/* Begin PBXFileReference section */
		960F4C7D20644A7800038A12 /* GeneralViewController.swift */ = {isa = PBXFileReference; lastKnownFileType = sourcecode.swift; path = GeneralViewController.swift; sourceTree = "<group>"; };
		961236A3205DAF0E00D43FAA /* BorderedButton.swift */ = {isa = PBXFileReference; lastKnownFileType = sourcecode.swift; path = BorderedButton.swift; sourceTree = "<group>"; };
		961236AA205DBED000D43FAA /* ParseConstants.swift */ = {isa = PBXFileReference; lastKnownFileType = sourcecode.swift; path = ParseConstants.swift; sourceTree = "<group>"; };
		961236AE205DBF4C00D43FAA /* ParseClient.swift */ = {isa = PBXFileReference; lastKnownFileType = sourcecode.swift; path = ParseClient.swift; sourceTree = "<group>"; };
		961236B0205DCD4A00D43FAA /* ParseConvenience.swift */ = {isa = PBXFileReference; lastKnownFileType = sourcecode.swift; path = ParseConvenience.swift; sourceTree = "<group>"; };
		961236B2205DCF2E00D43FAA /* ParseStudent.swift */ = {isa = PBXFileReference; lastKnownFileType = sourcecode.swift; path = ParseStudent.swift; sourceTree = "<group>"; };
		961236B4205DCF8B00D43FAA /* GCDBlackBox.swift */ = {isa = PBXFileReference; lastKnownFileType = sourcecode.swift; path = GCDBlackBox.swift; sourceTree = "<group>"; };
		9612440A206841740083FE65 /* InfoViewController.swift */ = {isa = PBXFileReference; lastKnownFileType = sourcecode.swift; path = InfoViewController.swift; sourceTree = "<group>"; };
		96133ED920659EEE0042E95F /* StudentsTabBarController.swift */ = {isa = PBXFileReference; lastKnownFileType = sourcecode.swift; path = StudentsTabBarController.swift; sourceTree = "<group>"; };
		96137E412059BF4E004CCF4C /* OnTheMap.app */ = {isa = PBXFileReference; explicitFileType = wrapper.application; includeInIndex = 0; path = OnTheMap.app; sourceTree = BUILT_PRODUCTS_DIR; };
		96137E442059BF4E004CCF4C /* AppDelegate.swift */ = {isa = PBXFileReference; lastKnownFileType = sourcecode.swift; path = AppDelegate.swift; sourceTree = "<group>"; };
		96137E462059BF4E004CCF4C /* ViewController.swift */ = {isa = PBXFileReference; lastKnownFileType = sourcecode.swift; path = ViewController.swift; sourceTree = "<group>"; };
		96137E492059BF4E004CCF4C /* Base */ = {isa = PBXFileReference; lastKnownFileType = file.storyboard; name = Base; path = Base.lproj/Main.storyboard; sourceTree = "<group>"; };
		96137E4B2059BF4E004CCF4C /* Assets.xcassets */ = {isa = PBXFileReference; lastKnownFileType = folder.assetcatalog; path = Assets.xcassets; sourceTree = "<group>"; };
		96137E4E2059BF4E004CCF4C /* Base */ = {isa = PBXFileReference; lastKnownFileType = file.storyboard; name = Base; path = Base.lproj/LaunchScreen.storyboard; sourceTree = "<group>"; };
		96137E502059BF4E004CCF4C /* Info.plist */ = {isa = PBXFileReference; lastKnownFileType = text.plist.xml; path = Info.plist; sourceTree = "<group>"; };
		962FCC65206AE108003E710F /* LocationViewController.swift */ = {isa = PBXFileReference; lastKnownFileType = sourcecode.swift; path = LocationViewController.swift; sourceTree = "<group>"; };
		9647867A2061A727002EBD80 /* LoginViewController.swift */ = {isa = PBXFileReference; lastKnownFileType = sourcecode.swift; path = LoginViewController.swift; sourceTree = "<group>"; };
		96615E02205EFF5D00CA49FF /* UdacityConstants.swift */ = {isa = PBXFileReference; lastKnownFileType = sourcecode.swift; path = UdacityConstants.swift; sourceTree = "<group>"; };
		96615E05205EFF9400CA49FF /* UdacityClient.swift */ = {isa = PBXFileReference; lastKnownFileType = sourcecode.swift; path = UdacityClient.swift; sourceTree = "<group>"; };
		96615E07205EFFB300CA49FF /* UdacityConvenience.swift */ = {isa = PBXFileReference; lastKnownFileType = sourcecode.swift; path = UdacityConvenience.swift; sourceTree = "<group>"; };
		96615E09205EFFD500CA49FF /* UdacityStudent.swift */ = {isa = PBXFileReference; lastKnownFileType = sourcecode.swift; path = UdacityStudent.swift; sourceTree = "<group>"; };
		968A78602065B5A30003D38D /* MapViewController.swift */ = {isa = PBXFileReference; lastKnownFileType = sourcecode.swift; path = MapViewController.swift; sourceTree = "<group>"; };
		968A78622065B5C50003D38D /* ListViewController.swift */ = {isa = PBXFileReference; lastKnownFileType = sourcecode.swift; path = ListViewController.swift; sourceTree = "<group>"; };
/* End PBXFileReference section */

/* Begin PBXFrameworksBuildPhase section */
		96137E3E2059BF4E004CCF4C /* Frameworks */ = {
			isa = PBXFrameworksBuildPhase;
			buildActionMask = 2147483647;
			files = (
			);
			runOnlyForDeploymentPostprocessing = 0;
		};
/* End PBXFrameworksBuildPhase section */

/* Begin PBXGroup section */
		960A41DE205B114B00045F1E /* Controller */ = {
			isa = PBXGroup;
			children = (
				9647867A2061A727002EBD80 /* LoginViewController.swift */,
				960F4C7D20644A7800038A12 /* GeneralViewController.swift */,
				968A78602065B5A30003D38D /* MapViewController.swift */,
				968A78622065B5C50003D38D /* ListViewController.swift */,
				96133ED920659EEE0042E95F /* StudentsTabBarController.swift */,
				9612440A206841740083FE65 /* InfoViewController.swift */,
				962FCC65206AE108003E710F /* LocationViewController.swift */,
			);
			path = Controller;
			sourceTree = "<group>";
		};
		961236A7205DBDC800D43FAA /* Parse */ = {
			isa = PBXGroup;
			children = (
				961236AE205DBF4C00D43FAA /* ParseClient.swift */,
				961236AA205DBED000D43FAA /* ParseConstants.swift */,
				961236B0205DCD4A00D43FAA /* ParseConvenience.swift */,
				961236B2205DCF2E00D43FAA /* ParseStudent.swift */,
			);
			path = Parse;
			sourceTree = "<group>";
		};
		96137E382059BF4E004CCF4C = {
			isa = PBXGroup;
			children = (
				96137E432059BF4E004CCF4C /* OnTheMap */,
				96137E422059BF4E004CCF4C /* Products */,
			);
			sourceTree = "<group>";
		};
		96137E422059BF4E004CCF4C /* Products */ = {
			isa = PBXGroup;
			children = (
				96137E412059BF4E004CCF4C /* OnTheMap.app */,
			);
			name = Products;
			sourceTree = "<group>";
		};
		96137E432059BF4E004CCF4C /* OnTheMap */ = {
			isa = PBXGroup;
			children = (
				96137E442059BF4E004CCF4C /* AppDelegate.swift */,
				961236B4205DCF8B00D43FAA /* GCDBlackBox.swift */,
				96137E462059BF4E004CCF4C /* ViewController.swift */,
				961236A3205DAF0E00D43FAA /* BorderedButton.swift */,
				96615E04205EFF6B00CA49FF /* Udacity */,
				961236A7205DBDC800D43FAA /* Parse */,
				960A41DE205B114B00045F1E /* Controller */,
				96137E4B2059BF4E004CCF4C /* Assets.xcassets */,
				96137E482059BF4E004CCF4C /* Main.storyboard */,
				96137E4D2059BF4E004CCF4C /* LaunchScreen.storyboard */,
				96137E502059BF4E004CCF4C /* Info.plist */,
			);
			path = OnTheMap;
			sourceTree = "<group>";
		};
		96615E04205EFF6B00CA49FF /* Udacity */ = {
			isa = PBXGroup;
			children = (
				96615E05205EFF9400CA49FF /* UdacityClient.swift */,
				96615E07205EFFB300CA49FF /* UdacityConvenience.swift */,
				96615E09205EFFD500CA49FF /* UdacityStudent.swift */,
				96615E02205EFF5D00CA49FF /* UdacityConstants.swift */,
			);
			path = Udacity;
			sourceTree = "<group>";
		};
/* End PBXGroup section */

/* Begin PBXNativeTarget section */
		96137E402059BF4E004CCF4C /* OnTheMap */ = {
			isa = PBXNativeTarget;
			buildConfigurationList = 96137E532059BF4E004CCF4C /* Build configuration list for PBXNativeTarget "OnTheMap" */;
			buildPhases = (
				96137E3D2059BF4E004CCF4C /* Sources */,
				96137E3E2059BF4E004CCF4C /* Frameworks */,
				96137E3F2059BF4E004CCF4C /* Resources */,
			);
			buildRules = (
			);
			dependencies = (
			);
			name = OnTheMap;
			productName = OnTheMap;
			productReference = 96137E412059BF4E004CCF4C /* OnTheMap.app */;
			productType = "com.apple.product-type.application";
		};
/* End PBXNativeTarget section */

/* Begin PBXProject section */
		96137E392059BF4E004CCF4C /* Project object */ = {
			isa = PBXProject;
			attributes = {
				LastSwiftUpdateCheck = 0920;
				LastUpgradeCheck = 0920;
				ORGANIZATIONNAME = "The book";
				TargetAttributes = {
					96137E402059BF4E004CCF4C = {
						CreatedOnToolsVersion = 9.2;
						ProvisioningStyle = Manual;
					};
				};
			};
			buildConfigurationList = 96137E3C2059BF4E004CCF4C /* Build configuration list for PBXProject "OnTheMap" */;
			compatibilityVersion = "Xcode 8.0";
			developmentRegion = en;
			hasScannedForEncodings = 0;
			knownRegions = (
				en,
				Base,
			);
			mainGroup = 96137E382059BF4E004CCF4C;
			productRefGroup = 96137E422059BF4E004CCF4C /* Products */;
			projectDirPath = "";
			projectRoot = "";
			targets = (
				96137E402059BF4E004CCF4C /* OnTheMap */,
			);
		};
/* End PBXProject section */

/* Begin PBXResourcesBuildPhase section */
		96137E3F2059BF4E004CCF4C /* Resources */ = {
			isa = PBXResourcesBuildPhase;
			buildActionMask = 2147483647;
			files = (
				96137E4F2059BF4E004CCF4C /* LaunchScreen.storyboard in Resources */,
				96137E4C2059BF4E004CCF4C /* Assets.xcassets in Resources */,
				96137E4A2059BF4E004CCF4C /* Main.storyboard in Resources */,
			);
			runOnlyForDeploymentPostprocessing = 0;
		};
/* End PBXResourcesBuildPhase section */

/* Begin PBXSourcesBuildPhase section */
		96137E3D2059BF4E004CCF4C /* Sources */ = {
			isa = PBXSourcesBuildPhase;
			buildActionMask = 2147483647;
			files = (
				968A78632065B5C50003D38D /* ListViewController.swift in Sources */,
				9647867B2061A727002EBD80 /* LoginViewController.swift in Sources */,
				96133EDA20659EEE0042E95F /* StudentsTabBarController.swift in Sources */,
				960F4C7E20644A7800038A12 /* GeneralViewController.swift in Sources */,
				9612440B206841740083FE65 /* InfoViewController.swift in Sources */,
				961236AF205DBF4C00D43FAA /* ParseClient.swift in Sources */,
				96615E03205EFF5D00CA49FF /* UdacityConstants.swift in Sources */,
				962FCC66206AE108003E710F /* LocationViewController.swift in Sources */,
				961236B1205DCD4A00D43FAA /* ParseConvenience.swift in Sources */,
				96615E06205EFF9400CA49FF /* UdacityClient.swift in Sources */,
				96137E472059BF4E004CCF4C /* ViewController.swift in Sources */,
				961236A4205DAF0E00D43FAA /* BorderedButton.swift in Sources */,
				96615E0A205EFFD500CA49FF /* UdacityStudent.swift in Sources */,
				961236AB205DBED000D43FAA /* ParseConstants.swift in Sources */,
				96137E452059BF4E004CCF4C /* AppDelegate.swift in Sources */,
				961236B5205DCF8B00D43FAA /* GCDBlackBox.swift in Sources */,
				961236B3205DCF2E00D43FAA /* ParseStudent.swift in Sources */,
				96615E08205EFFB300CA49FF /* UdacityConvenience.swift in Sources */,
				968A78612065B5A30003D38D /* MapViewController.swift in Sources */,
			);
			runOnlyForDeploymentPostprocessing = 0;
		};
/* End PBXSourcesBuildPhase section */

/* Begin PBXVariantGroup section */
		96137E482059BF4E004CCF4C /* Main.storyboard */ = {
			isa = PBXVariantGroup;
			children = (
				96137E492059BF4E004CCF4C /* Base */,
			);
			name = Main.storyboard;
			sourceTree = "<group>";
		};
		96137E4D2059BF4E004CCF4C /* LaunchScreen.storyboard */ = {
			isa = PBXVariantGroup;
			children = (
				96137E4E2059BF4E004CCF4C /* Base */,
			);
			name = LaunchScreen.storyboard;
			sourceTree = "<group>";
		};
/* End PBXVariantGroup section */

/* Begin XCBuildConfiguration section */
		96137E512059BF4E004CCF4C /* Debug */ = {
			isa = XCBuildConfiguration;
			buildSettings = {
				ALWAYS_SEARCH_USER_PATHS = NO;
				CLANG_ANALYZER_NONNULL = YES;
				CLANG_ANALYZER_NUMBER_OBJECT_CONVERSION = YES_AGGRESSIVE;
				CLANG_CXX_LANGUAGE_STANDARD = "gnu++14";
				CLANG_CXX_LIBRARY = "libc++";
				CLANG_ENABLE_MODULES = YES;
				CLANG_ENABLE_OBJC_ARC = YES;
				CLANG_WARN_BLOCK_CAPTURE_AUTORELEASING = YES;
				CLANG_WARN_BOOL_CONVERSION = YES;
				CLANG_WARN_COMMA = YES;
				CLANG_WARN_CONSTANT_CONVERSION = YES;
				CLANG_WARN_DIRECT_OBJC_ISA_USAGE = YES_ERROR;
				CLANG_WARN_DOCUMENTATION_COMMENTS = YES;
				CLANG_WARN_EMPTY_BODY = YES;
				CLANG_WARN_ENUM_CONVERSION = YES;
				CLANG_WARN_INFINITE_RECURSION = YES;
				CLANG_WARN_INT_CONVERSION = YES;
				CLANG_WARN_NON_LITERAL_NULL_CONVERSION = YES;
				CLANG_WARN_OBJC_LITERAL_CONVERSION = YES;
				CLANG_WARN_OBJC_ROOT_CLASS = YES_ERROR;
				CLANG_WARN_RANGE_LOOP_ANALYSIS = YES;
				CLANG_WARN_STRICT_PROTOTYPES = YES;
				CLANG_WARN_SUSPICIOUS_MOVE = YES;
				CLANG_WARN_UNGUARDED_AVAILABILITY = YES_AGGRESSIVE;
				CLANG_WARN_UNREACHABLE_CODE = YES;
				CLANG_WARN__DUPLICATE_METHOD_MATCH = YES;
				CODE_SIGN_IDENTITY = "iPhone Developer";
				COPY_PHASE_STRIP = NO;
				DEBUG_INFORMATION_FORMAT = dwarf;
				ENABLE_STRICT_OBJC_MSGSEND = YES;
				ENABLE_TESTABILITY = YES;
				GCC_C_LANGUAGE_STANDARD = gnu11;
				GCC_DYNAMIC_NO_PIC = NO;
				GCC_NO_COMMON_BLOCKS = YES;
				GCC_OPTIMIZATION_LEVEL = 0;
				GCC_PREPROCESSOR_DEFINITIONS = (
					"DEBUG=1",
					"$(inherited)",
				);
				GCC_WARN_64_TO_32_BIT_CONVERSION = YES;
				GCC_WARN_ABOUT_RETURN_TYPE = YES_ERROR;
				GCC_WARN_UNDECLARED_SELECTOR = YES;
				GCC_WARN_UNINITIALIZED_AUTOS = YES_AGGRESSIVE;
				GCC_WARN_UNUSED_FUNCTION = YES;
				GCC_WARN_UNUSED_VARIABLE = YES;
				IPHONEOS_DEPLOYMENT_TARGET = 11.2;
				MTL_ENABLE_DEBUG_INFO = YES;
				ONLY_ACTIVE_ARCH = YES;
				SDKROOT = iphoneos;
				SWIFT_ACTIVE_COMPILATION_CONDITIONS = DEBUG;
				SWIFT_OPTIMIZATION_LEVEL = "-Onone";
			};
			name = Debug;
		};
		96137E522059BF4E004CCF4C /* Release */ = {
			isa = XCBuildConfiguration;
			buildSettings = {
				ALWAYS_SEARCH_USER_PATHS = NO;
				CLANG_ANALYZER_NONNULL = YES;
				CLANG_ANALYZER_NUMBER_OBJECT_CONVERSION = YES_AGGRESSIVE;
				CLANG_CXX_LANGUAGE_STANDARD = "gnu++14";
				CLANG_CXX_LIBRARY = "libc++";
				CLANG_ENABLE_MODULES = YES;
				CLANG_ENABLE_OBJC_ARC = YES;
				CLANG_WARN_BLOCK_CAPTURE_AUTORELEASING = YES;
				CLANG_WARN_BOOL_CONVERSION = YES;
				CLANG_WARN_COMMA = YES;
				CLANG_WARN_CONSTANT_CONVERSION = YES;
				CLANG_WARN_DIRECT_OBJC_ISA_USAGE = YES_ERROR;
				CLANG_WARN_DOCUMENTATION_COMMENTS = YES;
				CLANG_WARN_EMPTY_BODY = YES;
				CLANG_WARN_ENUM_CONVERSION = YES;
				CLANG_WARN_INFINITE_RECURSION = YES;
				CLANG_WARN_INT_CONVERSION = YES;
				CLANG_WARN_NON_LITERAL_NULL_CONVERSION = YES;
				CLANG_WARN_OBJC_LITERAL_CONVERSION = YES;
				CLANG_WARN_OBJC_ROOT_CLASS = YES_ERROR;
				CLANG_WARN_RANGE_LOOP_ANALYSIS = YES;
				CLANG_WARN_STRICT_PROTOTYPES = YES;
				CLANG_WARN_SUSPICIOUS_MOVE = YES;
				CLANG_WARN_UNGUARDED_AVAILABILITY = YES_AGGRESSIVE;
				CLANG_WARN_UNREACHABLE_CODE = YES;
				CLANG_WARN__DUPLICATE_METHOD_MATCH = YES;
				CODE_SIGN_IDENTITY = "iPhone Developer";
				COPY_PHASE_STRIP = NO;
				DEBUG_INFORMATION_FORMAT = "dwarf-with-dsym";
				ENABLE_NS_ASSERTIONS = NO;
				ENABLE_STRICT_OBJC_MSGSEND = YES;
				GCC_C_LANGUAGE_STANDARD = gnu11;
				GCC_NO_COMMON_BLOCKS = YES;
				GCC_WARN_64_TO_32_BIT_CONVERSION = YES;
				GCC_WARN_ABOUT_RETURN_TYPE = YES_ERROR;
				GCC_WARN_UNDECLARED_SELECTOR = YES;
				GCC_WARN_UNINITIALIZED_AUTOS = YES_AGGRESSIVE;
				GCC_WARN_UNUSED_FUNCTION = YES;
				GCC_WARN_UNUSED_VARIABLE = YES;
				IPHONEOS_DEPLOYMENT_TARGET = 11.2;
				MTL_ENABLE_DEBUG_INFO = NO;
				SDKROOT = iphoneos;
				SWIFT_OPTIMIZATION_LEVEL = "-Owholemodule";
				VALIDATE_PRODUCT = YES;
			};
			name = Release;
		};
		96137E542059BF4E004CCF4C /* Debug */ = {
			isa = XCBuildConfiguration;
			buildSettings = {
				ASSETCATALOG_COMPILER_APPICON_NAME = AppIcon;
				CODE_SIGN_STYLE = Manual;
				DEVELOPMENT_TEAM = "";
				INFOPLIST_FILE = OnTheMap/Info.plist;
				LD_RUNPATH_SEARCH_PATHS = "$(inherited) @executable_path/Frameworks";
				PRODUCT_BUNDLE_IDENTIFIER = jisungs.OnTheMap;
				PRODUCT_NAME = "$(TARGET_NAME)";
				PROVISIONING_PROFILE_SPECIFIER = "";
				SWIFT_VERSION = 4.0;
				TARGETED_DEVICE_FAMILY = "1,2";
			};
			name = Debug;
		};
		96137E552059BF4E004CCF4C /* Release */ = {
			isa = XCBuildConfiguration;
			buildSettings = {
				ASSETCATALOG_COMPILER_APPICON_NAME = AppIcon;
				CODE_SIGN_STYLE = Manual;
				DEVELOPMENT_TEAM = "";
				INFOPLIST_FILE = OnTheMap/Info.plist;
				LD_RUNPATH_SEARCH_PATHS = "$(inherited) @executable_path/Frameworks";
				PRODUCT_BUNDLE_IDENTIFIER = jisungs.OnTheMap;
				PRODUCT_NAME = "$(TARGET_NAME)";
				PROVISIONING_PROFILE_SPECIFIER = "";
				SWIFT_VERSION = 4.0;
				TARGETED_DEVICE_FAMILY = "1,2";
			};
			name = Release;
		};
/* End XCBuildConfiguration section */

/* Begin XCConfigurationList section */
		96137E3C2059BF4E004CCF4C /* Build configuration list for PBXProject "OnTheMap" */ = {
			isa = XCConfigurationList;
			buildConfigurations = (
				96137E512059BF4E004CCF4C /* Debug */,
				96137E522059BF4E004CCF4C /* Release */,
			);
			defaultConfigurationIsVisible = 0;
			defaultConfigurationName = Release;
		};
		96137E532059BF4E004CCF4C /* Build configuration list for PBXNativeTarget "OnTheMap" */ = {
			isa = XCConfigurationList;
			buildConfigurations = (
				96137E542059BF4E004CCF4C /* Debug */,
				96137E552059BF4E004CCF4C /* Release */,
			);
			defaultConfigurationIsVisible = 0;
			defaultConfigurationName = Release;
		};
/* End XCConfigurationList section */
	};
	rootObject = 96137E392059BF4E004CCF4C /* Project object */;
}
